
Microsoft Visual Studio Solution File, Format Version 11.00
# Visual Studio 2010
Project("{8BC9CEB8-8B4A-11D0-8D11-00A0C91BC942}") = "doubleBuffering", "doubleBuffering\doubleBuffering.vcxproj", "{1EF90E1A-9C94-40CF-A351-F4E2A5F40199}"
EndProject
Global
	GlobalSection(SolutionConfigurationPlatforms) = preSolution
		Debug|Win32 = Debug|Win32
		Release|Win32 = Release|Win32
	EndGlobalSection
	GlobalSection(ProjectConfigurationPlatforms) = postSolution
		{1EF90E1A-9C94-40CF-A351-F4E2A5F40199}.Debug|Win32.ActiveCfg = Debug|Win32
		{1EF90E1A-9C94-40CF-A351-F4E2A5F40199}.Debug|Win32.Build.0 = Debug|Win32
		{1EF90E1A-9C94-40CF-A351-F4E2A5F40199}.Release|Win32.ActiveCfg = Release|Win32
		{1EF90E1A-9C94-40CF-A351-F4E2A5F40199}.Release|Win32.Build.0 = Release|Win32
	EndGlobalSection
	GlobalSection(SolutionProperties) = preSolution
		HideSolutionNode = FALSE
	EndGlobalSection
EndGlobal
